{
    "_meta": {
        "hash": {
            "sha256": "3e449c19fc64498fd375fe62e708e11cf104d05b0026e8ecf55a88a86b4916bd"
        },
        "pipfile-spec": 6,
        "requires": {
            "python_version": "3.7"
        },
        "sources": [
            {
                "name": "pypi",
                "url": "https://pypi.org/simple",
                "verify_ssl": true
            }
        ]
    },
    "default": {
        "alembic": {
            "hashes": [
                "sha256:e9ffdece0eece55f4108b14b6b0f29ffc730d58e28446a434fe41a1cc5c5f266"
            ],
            "version": "==1.0.5"
        },
        "amqp": {
            "hashes": [
                "sha256:073dd02fdd73041bffc913b767866015147b61f2a9bc104daef172fc1a0066eb",
                "sha256:eed41946890cd43e8dee44a316b85cf6fee5a1a34bb4a562b660a358eb529e1b"
            ],
            "version": "==2.3.2"
        },
        "argh": {
            "hashes": [
                "sha256:a9b3aaa1904eeb78e32394cd46c6f37ac0fb4af6dc488daa58971bdc7d7fcaf3",
                "sha256:e9535b8c84dc9571a48999094fda7f33e63c3f1b74f3e5f3ac0105a58405bb65"
            ],
            "version": "==0.26.2"
        },
        "arrow": {
            "hashes": [
                "sha256:a558d3b7b6ce7ffc74206a86c147052de23d3d4ef0e17c210dd478c53575c4cd"
            ],
            "version": "==0.12.1"
        },
        "babel": {
            "hashes": [
                "sha256:6778d85147d5d85345c14a26aada5e478ab04e39b078b0745ee6870c2b5cf669",
                "sha256:8cba50f48c529ca3fa18cf81fa9403be176d374ac4d60738b839122dfaaa3d23"
            ],
            "version": "==2.6.0"
        },
        "billiard": {
            "hashes": [
                "sha256:42d9a227401ac4fba892918bba0a0c409def5435c4b483267ebfe821afaaba0e"
            ],
            "version": "==3.5.0.5"
        },
        "blinker": {
            "hashes": [
                "sha256:471aee25f3992bd325afa3772f1063dbdbbca947a041b8b89466dc00d606f8b6"
            ],
            "version": "==1.4"
        },
        "cachetools": {
            "hashes": [
                "sha256:0a258d82933a1dd18cb540aca4ac5d5690731e24d1239a08577b814998f49785",
                "sha256:4621965b0d9d4c82a79a29edbad19946f5e7702df4afae7d1ed2df951559a8cc"
            ],
            "version": "==3.0.0"
        },
        "celery": {
            "hashes": [
                "sha256:77dab4677e24dc654d42dfbdfed65fa760455b6bb563a0877ecc35f4cfcfc678",
                "sha256:ad7a7411772b80a4d6c64f2f7f723200e39fb66cf614a7fdfab76d345acc7b13"
            ],
            "index": "pypi",
            "version": "==4.2.1"
        },
        "certifi": {
            "hashes": [
                "sha256:47f9c83ef4c0c621eaef743f133f09fa8a74a9b75f037e8624f83bd1b6626cb7",
                "sha256:993f830721089fef441cdfeb4b2c8c9df86f0c63239f06bd025a76a7daddb033"
            ],
            "version": "==2018.11.29"
        },
        "chardet": {
            "hashes": [
                "sha256:84ab92ed1c4d4f16916e05906b6b75a6c0fb5db821cc65e70cbd64a3e2a5eaae",
                "sha256:fc323ffcaeaed0e0a02bf4d117757b98aed530d9ed4531e3e15460124c106691"
            ],
            "version": "==3.0.4"
        },
        "click": {
            "hashes": [
                "sha256:2335065e6395b9e67ca716de5f7526736bfa6ceead690adf616d925bdc622b13",
                "sha256:5b94b49521f6456670fdb30cd82a4eca9412788a93fa6dd6df72c94d5a8ff2d7"
            ],
            "version": "==7.0"
        },
        "dominate": {
            "hashes": [
                "sha256:4076735c0745fe771e57b2313dbb4bfeec42731816ee23cee509f66e8912aa51",
                "sha256:4b9fd42d2824b79761799590697db45bf93daad511b130c50513af38da33df9b"
            ],
            "version": "==2.3.5"
        },
        "flask": {
            "hashes": [
                "sha256:2271c0070dbcb5275fad4a82e29f23ab92682dc45f9dfbc22c02ba9b9322ce48",
                "sha256:a080b744b7e345ccfcbc77954861cb05b3c63786e93f2b3875e0913d44b43f05"
            ],
            "index": "pypi",
            "version": "==1.0.2"
        },
        "flask-babel": {
            "hashes": [
                "sha256:316ad183e42003f3922957fa643d0a1e8e34a0f0301a88c3a8f605bc37ba5c86"
            ],
            "index": "pypi",
            "version": "==0.12.2"
        },
        "flask-bootstrap": {
            "hashes": [
                "sha256:cb08ed940183f6343a64e465e83b3a3f13c53e1baabb8d72b5da4545ef123ac8"
            ],
            "index": "pypi",
            "version": "==3.3.7.1"
        },
        "flask-login": {
            "hashes": [
                "sha256:c815c1ac7b3e35e2081685e389a665f2c74d7e077cb93cecabaea352da4752ec"
            ],
            "index": "pypi",
            "version": "==0.4.1"
        },
        "flask-mail": {
            "hashes": [
                "sha256:22e5eb9a940bf407bcf30410ecc3708f3c56cc44b29c34e1726fe85006935f41"
            ],
            "index": "pypi",
            "version": "==0.9.1"
        },
        "flask-migrate": {
            "hashes": [
                "sha256:0c42c34357b24faac63bc6e7af028c8614235f5210eded53802ced450c5392c2",
                "sha256:8356fa6a02694da34e78da1e38cf91c944b219f4bd4b89493a3b261a305994ab"
            ],
            "index": "pypi",
            "version": "==2.3.1"
        },
        "flask-moment": {
            "hashes": [
                "sha256:71a601fcd5be4742227251641cb706c109680b54c5fb25c5d2ed96e576ec3b4d",
                "sha256:af7ccd599d85e751ff1f7661904daa51df9950e9bc9bd4ccf174bd38ccbc401f"
            ],
            "index": "pypi",
            "version": "==0.6.0"
        },
        "flask-socketio": {
            "hashes": [
                "sha256:86a747d3dbb5b18b83092b75494c29effcaddf7d3f645105747ec3be8d4b92a1",
                "sha256:a7188b35f7874903f554b3a1a3a4465213e765c4f17182fa5cb3d9f6915da4c1"
            ],
            "index": "pypi",
            "version": "==3.1.0"
        },
        "flask-sqlalchemy": {
            "hashes": [
                "sha256:3bc0fac969dd8c0ace01b32060f0c729565293302f0c4269beed154b46bec50b",
                "sha256:5971b9852b5888655f11db634e87725a9031e170f37c0ce7851cf83497f56e53"
            ],
            "index": "pypi",
            "version": "==2.3.2"
        },
        "flask-wtf": {
            "hashes": [
                "sha256:5d14d55cfd35f613d99ee7cba0fc3fbbe63ba02f544d349158c14ca15561cc36",
                "sha256:d9a9e366b32dcbb98ef17228e76be15702cd2600675668bca23f63a7947fd5ac"
            ],
            "index": "pypi",
            "version": "==0.14.2"
        },
        "google-api-core": {
            "extras": [
                "grpc"
            ],
            "hashes": [
                "sha256:481f3a306f39c7cb0b4901fc1cc133c693343e82604871fd8f83fcb8a2ee2921",
                "sha256:84dca4d7fcf13574ad8e31ba02ad04ffcdb2e5b596383571e3105d9d0ad70d27"
            ],
            "version": "==1.6.0"
        },
        "google-auth": {
            "hashes": [
                "sha256:494e747bdc2cdeb0fa6ef85118de2ea1a563f160294cce05048c6ff563fda1bb",
                "sha256:b08a27888e9d1c17a891b3688aacc9c6f2019d7f6c5a2e73588e6bb9a2c0fa98"
            ],
            "version": "==1.6.1"
        },
        "google-cloud-pubsub": {
            "hashes": [
                "sha256:a7eb7b32aee3d657362c8517ed456e042432f196ce84f708088c24c64e634524",
                "sha256:aef6392dd8df76a9dc423b20e6231e3d26d910453bd5c4d836261745191ded96"
            ],
            "index": "pypi",
            "version": "==0.39.0"
        },
        "googleapis-common-protos": {
            "extras": [
                "grpc"
            ],
            "hashes": [
                "sha256:0946967c4c29b1339bb211949e1e17dbe0ae9ff8265fafa7bf4cf2164ef5a3b1"
            ],
            "version": "==1.5.5"
        },
        "grpc-google-iam-v1": {
            "hashes": [
                "sha256:5009e831dcec22f3ff00e89405249d6a838d1449a46ac8224907aa5b0e0b1aec"
            ],
            "version": "==0.11.4"
        },
        "grpcio": {
            "hashes": [
                "sha256:0930ecfc6c07c1484196643c9de9b409c583b9f06ad6b4d2a2778bd48cc75210",
                "sha256:105ef978b29d1e08b5b404f3267ac80c26be55cb6e21b7cff1b94091d1c9eac7",
                "sha256:18fcfa88a6ce7b3a1e903823fe1adc4367c01c28e992ef6cee2cbf85390d63bb",
                "sha256:1cbafb3e1a5e6f54f9f0d493d7e41e2a4fc6476e5954bb60bab91e223b694429",
                "sha256:1ec9cb3ebbe9d3ec1db0153593dbc55394b600353056ccb88df4d7ce947247c0",
                "sha256:278d2072a4bcd42cd1d3810611a510abee37f0dfcfa7c1c29a306b2a1b9690d6",
                "sha256:33a899c9dbb33b493dc16ce2f9088e1002094a55cc7260efb78488a69ef48c53",
                "sha256:3f5828cd296a4b2b819dad0cf9b22d859af874b20d0f7ab485d1c430419256fd",
                "sha256:43fda83c2b540c11735f9e039cb2470e4925ca9c128a34fbb74bf2e419623c15",
                "sha256:5216b5e90dcae438d3e9aeb6dce3f0d18d8f96434e660653c992c5cd8a13ad6d",
                "sha256:5695c79e4c8a20caa2fe2f570dcda1cc5536cb9e8f03eafb94a6b0f37552b382",
                "sha256:5805827bdebc24f4c4ab18e425e5e8af85d34154e4fbc0673964e3b0b80a782c",
                "sha256:5e47c1d13d330451fe2a5dc5350c7302e5ff43dfa4e3adf9ac880aa16ea4b306",
                "sha256:5fe448942f3deeccc15b50c9e0b4f73ce56c32e34e69c56b91b7645d3239b700",
                "sha256:61de1a7334464017f3cd169c8d02ca96814bdc74f7f7b3bcc3c80d98611ce11f",
                "sha256:65ca882c09c94cb395517c4c2727b09cb281514125a93bb4c571df2edba90101",
                "sha256:6c9bb3c2b23a2aca31c75edfc71535d72c8d08b29ebb9dd020450406c8fb972f",
                "sha256:7e62575e56827888188dd75629467d53413130caf0c6dd82a7912a51dead1300",
                "sha256:886bcefd4d679800c50adf465afe45b5b41742e771addaa94d4ce69c3086ea92",
                "sha256:8a272e3c57813a60d66c734be964873330eb0ba3e4175d847f5c2f9c65a4bc47",
                "sha256:8c0471bede2b5410a38ad054174f32a396bc20161fb5a77179eabe64d30fe5b3",
                "sha256:8f3d1e03bd5f60394e1920dc85236efac993eee5011d03c64e3238f6ead84410",
                "sha256:9297254ba6fe73361444fe7ebf0e7b96c68597779127e7e77dfeb08b0a9e1806",
                "sha256:94ecb774cf0fa0de95c2a856fc4cc51e321fb635b851734dba94f8f9b64828bf",
                "sha256:a22fb84b8bd15f006380a83dea0c558beafb6beb5a6c3922c16770638f5cdbec",
                "sha256:a44d5e43c0ec103fc327be0b732fed1783db20dcc3e43dbc77e779b49046fe06",
                "sha256:a6fb8ba46b35ec1bc4e3875934e1641469cb655228960d29af0ebba7733e21e2",
                "sha256:bbb0771f45425898ff6bd480effef36dcc9609dbb0a311fb6afabbde05b3ab8a",
                "sha256:beee76e4a0beaa43eb2b1a0e34aa4a547aea28626e8553bca5c705436ca485e3",
                "sha256:cd29fe5d9617dfe8047addd276964f4c28e0a8861ba23b63caacb2ff680010ec",
                "sha256:d1c64466c388001ce7ef420bf8cfd289b47938ac897e0293b9a8fbd64fd8546b",
                "sha256:d6c5bc95fe91ca0b62b8aa10c6f8839a17e346f61baa17e66ba3228524beb32c"
            ],
            "index": "pypi",
            "version": "==1.17.0"
        },
        "grpcio-tools": {
            "hashes": [
                "sha256:0caf1b7178f35819c159a0388a47cd13e7f1e6fb6dba473a36cc196e3b5ff527",
                "sha256:1038170b99b6627cae446b50ae2978953c52db15ac04f956b85e24e7001e68bf",
                "sha256:1a113101305ec46177cc8f891fbb6be26f489475652f6b5262f8658a0312e93f",
                "sha256:1a1ffb1ddabc1cf776b547a84a5199342ab9aad26a1b13f8052573fc3c1b401e",
                "sha256:1d10534725859af36df637e41f616b3af1205fd353cb69cd151f5f4f7fa06fbc",
                "sha256:21ebf7eb4ba0a113bcae86c952e24439361024d5e38b948805a787713283dd9e",
                "sha256:25e721937cd76ca9f15bddb5ec69d8aa402095a85acd48a0ec2f7721897ac1ef",
                "sha256:2b74fafdb78fa3d4336c3114b3759a11ba57cff6115f60be79cdfc690788b599",
                "sha256:331b6760196e3bbc89331c8c77caea59eae576f66007b3bf539fe552bb6b7f18",
                "sha256:50a5e16b4a03a44b176c9d56fb25e92c2dc5ebd38dbbc13d50151c45ed7fd5c6",
                "sha256:57ee496ac73149ae8c8908efaf120a5f6103ec131c1d99a7741f2b18d0b93112",
                "sha256:5b4644191fbe7b5635b1d6b1f966d0945b1fcedc39162a4af5e48c1c3be826fe",
                "sha256:5b63ecca5d9b3de347289cd1c56d556c6f2559400b91d7c14690e319e067b9e9",
                "sha256:62757fdd8a1026451b9e1a652ec6e2804babc5fcfff3cd97ab4c29f1c7f62a11",
                "sha256:69e7294c5f321a429f6f7095b69234e4df909ac22a2e6165745538fe17181dc0",
                "sha256:7bdffd379cb66f2afb08168e092f7ba308a6b11bf3294e9081e451d6c4dae7d3",
                "sha256:8f7620c34369b94bbae6022534d04c8ec495ef2c46d06ce84bd68525126fb737",
                "sha256:9060f41e4de38b4c4c22708ea973ea957f24c5365aa73162504a736137bbd8e4",
                "sha256:9417cd218721061a486f811d66738e101f01f6c41884c939a983a333dfeed261",
                "sha256:a8818101e225012b7fe65a7ab1fff5ad84c89f5daad4ee5f5c9314ac85a94303",
                "sha256:ad33cb95324b8dd11b4477b3be9a8d2cf870033ddda9f0898a5db554a05c42a0",
                "sha256:b7b106f6dd9242223fcfdecc8a79b5cfcc5693661383a3d3a2dde87c178804b0",
                "sha256:b9e7ce52015e23888b45cdab3d69c6da346a335f428fb116ea266fe57de428e4",
                "sha256:bb47dc68c80f2f464ee68297d7b605c1900fa4afd4d557c5aec9170ac35c5c5c",
                "sha256:bcf4f3c004e0e486c9d1447a3f0a334a0931168412488afe9f914c8b2c5d89ea",
                "sha256:bfb23f35fb2bfa7e2e1e43cd4c961126dc2593e5c95dd52542263bf608846365",
                "sha256:c14b1ea9b75979dea44c70d7c37bbe3ca1c7a5682058d30eddebd7d9295a1ddf",
                "sha256:e055c364e4b1ea6a57ca703f143e941be805c582af4de0aeac802904d869ed33",
                "sha256:f09289681f9185c51cafc58d7d120eb62c482832086630b86afd05d491948a3e",
                "sha256:f21fa61f7f47275b9fd0e3bf04cdbec5c482ad77f3234f0ef0c41c4e89e941ed",
                "sha256:f45b18f75ca61b9e2499e10016f9d69a5515f029f479553c42b3729f9c4b6175",
                "sha256:fe72813e6a99f3549e16eed9b15383088c0ddbeb714360db4a3400c969478f75"
            ],
            "index": "pypi",
            "version": "==1.17.0"
        },
        "guess-language-spirit": {
            "hashes": [
                "sha256:a9b20470246bbfd1b69b055ff6459e05aa8cb5f1f1d8481350819cd7680792cc"
            ],
            "index": "pypi",
            "version": "==0.5.3"
        },
        "gunicorn": {
            "hashes": [
                "sha256:aa8e0b40b4157b36a5df5e599f45c9c76d6af43845ba3b3b0efe2c70473c2471",
                "sha256:fa2662097c66f920f53f70621c6c58ca4a3c4d3434205e608e121b5b3b71f4f3"
            ],
            "index": "pypi",
            "version": "==19.9.0"
        },
        "honcho": {
            "hashes": [
                "sha256:af5806bf13e3b20acdcb9ff8c0beb91eee6fe07393c3448dfad89667e6ac7576",
                "sha256:c189402ad2e337777283c6a12d0f4f61dc6dd20c254c9a3a4af5087fc66cea6e"
            ],
            "index": "pypi",
            "version": "==1.0.1"
        },
        "idna": {
            "hashes": [
                "sha256:156a6814fb5ac1fc6850fb002e0852d56c0c8d2531923a51032d1b70760e186e",
                "sha256:684a38a6f903c1d71d6d5fac066b58d7768af4de2b832e426ec79c30daa94a16"
            ],
            "version": "==2.7"
        },
        "itsdangerous": {
            "hashes": [
                "sha256:321b033d07f2a4136d3ec762eac9f16a10ccd60f53c0c91af90217ace7ba1f19",
                "sha256:b12271b2047cb23eeb98c8b5622e2e5c5e9abd9784a153e9d8ef9cb4dd09d749"
            ],
            "version": "==1.1.0"
        },
        "jinja2": {
            "hashes": [
                "sha256:74c935a1b8bb9a3947c50a54766a969d4846290e1e788ea44c1392163723c3bd",
                "sha256:f84be1bb0040caca4cea721fcbbbbd61f9be9464ca236387158b0feea01914a4"
            ],
            "version": "==2.10"
        },
        "kombu": {
            "hashes": [
                "sha256:52763f41077e25fe7e2f17b8319d8a7b7ab953a888c49d9e4e0464fceb716896",
                "sha256:9bf7d37b93249b76a03afb7bbcf7149a358b6079ca2431e725414b1caa10922c"
            ],
            "version": "==4.2.2"
        },
        "mako": {
            "hashes": [
                "sha256:4e02fde57bd4abb5ec400181e4c314f56ac3e49ba4fb8b0d50bba18cb27d25ae"
            ],
            "version": "==1.0.7"
        },
        "markupsafe": {
            "hashes": [
                "sha256:048ef924c1623740e70204aa7143ec592504045ae4429b59c30054cb31e3c432",
                "sha256:130f844e7f5bdd8e9f3f42e7102ef1d49b2e6fdf0d7526df3f87281a532d8c8b",
                "sha256:19f637c2ac5ae9da8bfd98cef74d64b7e1bb8a63038a3505cd182c3fac5eb4d9",
                "sha256:1b8a7a87ad1b92bd887568ce54b23565f3fd7018c4180136e1cf412b405a47af",
                "sha256:1c25694ca680b6919de53a4bb3bdd0602beafc63ff001fea2f2fc16ec3a11834",
                "sha256:1f19ef5d3908110e1e891deefb5586aae1b49a7440db952454b4e281b41620cd",
                "sha256:1fa6058938190ebe8290e5cae6c351e14e7bb44505c4a7624555ce57fbbeba0d",
                "sha256:31cbb1359e8c25f9f48e156e59e2eaad51cd5242c05ed18a8de6dbe85184e4b7",
                "sha256:3e835d8841ae7863f64e40e19477f7eb398674da6a47f09871673742531e6f4b",
                "sha256:4e97332c9ce444b0c2c38dd22ddc61c743eb208d916e4265a2a3b575bdccb1d3",
                "sha256:525396ee324ee2da82919f2ee9c9e73b012f23e7640131dd1b53a90206a0f09c",
                "sha256:52b07fbc32032c21ad4ab060fec137b76eb804c4b9a1c7c7dc562549306afad2",
                "sha256:52ccb45e77a1085ec5461cde794e1aa037df79f473cbc69b974e73940655c8d7",
                "sha256:5c3fbebd7de20ce93103cb3183b47671f2885307df4a17a0ad56a1dd51273d36",
                "sha256:5e5851969aea17660e55f6a3be00037a25b96a9b44d2083651812c99d53b14d1",
                "sha256:5edfa27b2d3eefa2210fb2f5d539fbed81722b49f083b2c6566455eb7422fd7e",
                "sha256:7d263e5770efddf465a9e31b78362d84d015cc894ca2c131901a4445eaa61ee1",
                "sha256:83381342bfc22b3c8c06f2dd93a505413888694302de25add756254beee8449c",
                "sha256:857eebb2c1dc60e4219ec8e98dfa19553dae33608237e107db9c6078b1167856",
                "sha256:98e439297f78fca3a6169fd330fbe88d78b3bb72f967ad9961bcac0d7fdd1550",
                "sha256:bf54103892a83c64db58125b3f2a43df6d2cb2d28889f14c78519394feb41492",
                "sha256:d9ac82be533394d341b41d78aca7ed0e0f4ba5a2231602e2f05aa87f25c51672",
                "sha256:e982fe07ede9fada6ff6705af70514a52beb1b2c3d25d4e873e82114cf3c5401",
                "sha256:edce2ea7f3dfc981c4ddc97add8a61381d9642dc3273737e756517cc03e84dd6",
                "sha256:efdc45ef1afc238db84cb4963aa689c0408912a0239b0721cb172b4016eb31d6",
                "sha256:f137c02498f8b935892d5c0172560d7ab54bc45039de8805075e19079c639a9c",
                "sha256:f82e347a72f955b7017a39708a3667f106e6ad4d10b25f237396a7115d8ed5fd",
                "sha256:fb7c206e01ad85ce57feeaaa0bf784b97fa3cad0d4a5737bc5295785f5c613a1"
            ],
            "version": "==1.1.0"
        },
        "pathtools": {
            "hashes": [
                "sha256:7c35c5421a39bb82e58018febd90e3b6e5db34c5443aaaf742b3f33d4655f1c0"
            ],
            "version": "==0.1.2"
        },
        "protobuf": {
            "hashes": [
                "sha256:10394a4d03af7060fa8a6e1cbf38cea44be1467053b0aea5bbfcb4b13c4b88c4",
                "sha256:1489b376b0f364bcc6f89519718c057eb191d7ad6f1b395ffd93d1aa45587811",
                "sha256:1931d8efce896981fe410c802fd66df14f9f429c32a72dd9cfeeac9815ec6444",
                "sha256:196d3a80f93c537f27d2a19a4fafb826fb4c331b0b99110f985119391d170f96",
                "sha256:46e34fdcc2b1f2620172d3a4885128705a4e658b9b62355ae5e98f9ea19f42c2",
                "sha256:4b92e235a3afd42e7493b281c8b80c0c65cbef45de30f43d571d1ee40a1f77ef",
                "sha256:574085a33ca0d2c67433e5f3e9a0965c487410d6cb3406c83bdaf549bfc2992e",
                "sha256:59cd75ded98094d3cf2d79e84cdb38a46e33e7441b2826f3838dcc7c07f82995",
                "sha256:5ee0522eed6680bb5bac5b6d738f7b0923b3cafce8c4b1a039a6107f0841d7ed",
                "sha256:65917cfd5da9dfc993d5684643063318a2e875f798047911a9dd71ca066641c9",
                "sha256:685bc4ec61a50f7360c9fd18e277b65db90105adbf9c79938bd315435e526b90",
                "sha256:92e8418976e52201364a3174e40dc31f5fd8c147186d72380cbda54e0464ee19",
                "sha256:9335f79d1940dfb9bcaf8ec881fb8ab47d7a2c721fb8b02949aab8bbf8b68625",
                "sha256:a7ee3bb6de78185e5411487bef8bc1c59ebd97e47713cba3c460ef44e99b3db9",
                "sha256:ceec283da2323e2431c49de58f80e1718986b79be59c266bb0509cbf90ca5b9e",
                "sha256:fcfc907746ec22716f05ea96b7f41597dfe1a1c088f861efb8a0d4f4196a6f10"
            ],
            "version": "==3.6.1"
        },
        "psycopg2": {
            "hashes": [
                "sha256:10e391687b171878181e71736d0effe3772314a339d9ae30995ec8171a0c834e",
                "sha256:1283f9d45e458c2dcb15ba89367923563f90ef636fe78ee22df75183484a0237",
                "sha256:1a9c32e4d140bea225f9821d993b2e53c913e717ea97b851246aa9b300095d8f",
                "sha256:1be6f2438d2b71fec7b07c3c0949dd321b04349c382907ea76b36120edec8300",
                "sha256:20ca6f29e118b8dd7133e8708b3fba2881e70a4e0841f874ed23985b7201a076",
                "sha256:227c115b3c1f65d61385e51ac690b91b584640aefb45bffacd4bd33d02ed7221",
                "sha256:27959abe64ca1fc6d8cd11a71a1f421d8287831a3262bd4cacd43bbf43cc3c82",
                "sha256:2b2daf1fe30a58300542aea679fd87d1e1c2afd36e7644837b7954fa2dbacb92",
                "sha256:36e51a51f295fdf67bcf05e7b1877011a6b39e6622b0013fe31c5025241873a3",
                "sha256:3992b9b914f2eb77dc07e8045d2ca979e491612808bc5c7cd68f307469acf9f6",
                "sha256:39a11de2335ad45ececed43ab851d36a4c52843d756471b940804f301792781e",
                "sha256:3c2afe9ef0d1649005e3ccf93c1aaccd6f8ee379530e763d3b3b77f406b7c0ae",
                "sha256:3fb18e0e52807fe3a300dc1b5421aa492d5e759550918f597d61863419482535",
                "sha256:55eab94de96ee9702f23283e9c8b03cfdb0001e2b14d5d2e1bd5ff8114b96b9f",
                "sha256:7e95c0ab7e7e6e452586f35d4d8966b1e924c8dd2c23977e3ea4968770ff1d26",
                "sha256:7f47514dbddf604f196fcfe5da955537f04691bef8124aff5632316a78d992b7",
                "sha256:8345370356bb4bddf93acbcfd0357163dd6b09471937adcfb38a2fbb49bdce53",
                "sha256:8bc6ecb220c0b88d3742042013129c817c44459795c97e9ce1bca70a3f37a53b",
                "sha256:8df623f248be15d1725faf5f333791678775047f12f17a90d29b5d22573f5cdc",
                "sha256:9645f1305e4268cc0fc88c823cd6c91de27c003e183c233a6a230e5e963039ee",
                "sha256:a68719ed5be8373dd72c9e45d55f7a202285e05a2e392eaa8872a67ea47d7d20",
                "sha256:aca0edf062ec09e954fdf0cc93d3a872362701210983a1442549e703aedec25d",
                "sha256:b0dd2114d93d8f424bb8ae76e0dc540f104b70ca9163172c05e7700b1459d4c9",
                "sha256:b2c09359d6802279efb9efb3f91a9c94567151baee95175f9b637ea628f35244",
                "sha256:ca7bc37b1efb7cc25271bf10f398462ed975d95259af1406d38fcb268466e34f",
                "sha256:e64235d9013ebf6319cb9654e08f5066112c34d8c4cc41186254ab9c3d6d5b9b",
                "sha256:ec9be679c0065667503851141c31fa699e1cc69ded3ba8e5d3673dd5a6eb1370",
                "sha256:eca00d0f91fcb44d88b12f1fd16ad138e38fa07debb79587e2b7ff1fe80d72b9",
                "sha256:f256e807b8b2b45b6af60d7f2bb5194aab2f4acc861241c4d8ef942a55f5030d",
                "sha256:fce7612a3bd6a7ba95799f88285653bf130bd7ca066b52674d5f850108b2aec0"
            ],
            "index": "pypi",
            "version": "==2.7.6.1"
        },
        "pyasn1": {
            "hashes": [
                "sha256:b9d3abc5031e61927c82d4d96c1cec1e55676c1a991623cfed28faea73cdd7ca",
                "sha256:f58f2a3d12fd754aa123e9fa74fb7345333000a035f3921dbdaa08597aa53137"
            ],
            "version": "==0.4.4"
        },
        "pyasn1-modules": {
            "hashes": [
                "sha256:a0cf3e1842e7c60fde97cb22d275eb6f9524f5c5250489e292529de841417547",
                "sha256:a38a8811ea784c0136abfdba73963876328f66172db21a05a82f9515909bfb4e"
            ],
            "version": "==0.2.2"
        },
        "pygments": {
            "hashes": [
                "sha256:6301ecb0997a52d2d31385e62d0a4a4cf18d2f2da7054a5ddad5c366cd39cee7",
                "sha256:82666aac15622bd7bb685a4ee7f6625dd716da3ef7473620c192c0168aae64fc"
            ],
            "index": "pypi",
            "version": "==2.3.0"
        },
        "pyjwt": {
            "hashes": [
                "sha256:00414bfef802aaecd8cc0d5258b6cb87bd8f553c2986c2c5f29b19dd5633aeb7",
                "sha256:ddec8409c57e9d371c6006e388f91daf3b0b43bdf9fcbf99451fb7cf5ce0a86d"
            ],
            "index": "pypi",
            "version": "==1.7.0"
        },
        "python-dateutil": {
            "hashes": [
                "sha256:063df5763652e21de43de7d9e00ccf239f953a832941e37be541614732cdfc93",
                "sha256:88f9287c0174266bb0d8cedd395cfba9c58e87e5ad86b2ce58859bc11be3cf02"
            ],
            "version": "==2.7.5"
        },
        "python-dotenv": {
            "hashes": [
                "sha256:4f3582904d08dac5ab4c9aa44cb17ce056c9a35e585cfda6183d80054d247307",
                "sha256:cb8cd327109898c7725f76c5256a081e8a9efe72ebbf127f8d1221ceb7f38bf2"
            ],
            "index": "pypi",
            "version": "==0.10.0"
        },
        "python-editor": {
            "hashes": [
                "sha256:a3c066acee22a1c94f63938341d4fb374e3fdd69366ed6603d7b24bed1efc565"
            ],
            "version": "==1.0.3"
        },
        "python-engineio": {
            "hashes": [
                "sha256:a437bda348b8325a1a09bc2e04c5fff8bb8cbe674b5ba41adbb2a8eeacc98457",
                "sha256:bb8b5888adb852614b4b1861586ee7d89145cbd2ebba03ed7043e64c029bbb3b"
            ],
            "version": "==3.0.0"
        },
        "python-socketio": {
            "hashes": [
                "sha256:15dc3db711916e9f6dfd97d65d7a2d861906fb2e42faa72922dfe8ddbc3f4e08",
                "sha256:e50752ad2514b6c02743dd3d2a153c4dc544f43af0fce8f83310cd15fee61aeb"
            ],
            "version": "==2.1.1"
        },
        "pytz": {
            "hashes": [
                "sha256:31cb35c89bd7d333cd32c5f278fca91b523b0834369e757f4c5641ea252236ca",
                "sha256:8e0f8568c118d3077b46be7d654cc8167fa916092e28320cde048e54bfc9f1e6"
            ],
            "version": "==2018.7"
        },
        "pyyaml": {
            "hashes": [
                "sha256:3d7da3009c0f3e783b2c873687652d83b1bbfd5c88e9813fb7e5b03c0dd3108b",
                "sha256:3ef3092145e9b70e3ddd2c7ad59bdd0252a94dfe3949721633e41344de00a6bf",
                "sha256:40c71b8e076d0550b2e6380bada1f1cd1017b882f7e16f09a65be98e017f211a",
                "sha256:558dd60b890ba8fd982e05941927a3911dc409a63dcb8b634feaa0cda69330d3",
                "sha256:a7c28b45d9f99102fa092bb213aa12e0aaf9a6a1f5e395d36166639c1f96c3a1",
                "sha256:aa7dd4a6a427aed7df6fb7f08a580d68d9b118d90310374716ae90b710280af1",
                "sha256:bc558586e6045763782014934bfaf39d48b8ae85a2713117d16c39864085c613",
                "sha256:d46d7982b62e0729ad0175a9bc7e10a566fc07b224d2c79fafb5e032727eaa04",
                "sha256:d5eef459e30b09f5a098b9cea68bebfeb268697f78d647bd255a085371ac7f3f",
                "sha256:e01d3203230e1786cd91ccfdc8f8454c8069c91bee3962ad93b87a4b2860f537",
                "sha256:e170a9e6fcfd19021dd29845af83bb79236068bf5fd4df3327c1be18182b2531"
            ],
            "version": "==3.13"
        },
        "redis": {
            "hashes": [
                "sha256:8a1900a9f2a0a44ecf6e8b5eb3e967a9909dfed219ad66df094f27f7d6f330fb",
                "sha256:a22ca993cea2962dbb588f9f30d0015ac4afcc45bee27d3978c0dbe9e97c6c0f"
            ],
            "index": "pypi",
            "version": "==2.10.6"
        },
        "requests": {
            "hashes": [
                "sha256:65b3a120e4329e33c9889db89c80976c5272f56ea92d3e74da8a463992e3ff54",
                "sha256:ea881206e59f41dbd0bd445437d792e43906703fff75ca8ff43ccdb11f33f263"
            ],
            "index": "pypi",
            "version": "==2.20.1"
        },
        "rq": {
            "hashes": [
                "sha256:5dd83625ca64b0dbf668ee65a8d38f3f5132aa9b64de4d813ff76f97db194b60",
                "sha256:7ac5989a27bdff713dd40517498c1b3bf720f8ebc47305055496f653a29da899"
            ],
            "index": "pypi",
            "version": "==0.12.0"
        },
        "rq-dashboard": {
            "hashes": [
                "sha256:c7923e07b831d83d9b7a4136a314f4d44305318ab250c584ab12844f1a99c7cc"
            ],
            "index": "pypi",
            "version": "==0.3.12"
        },
        "rsa": {
            "hashes": [
                "sha256:14ba45700ff1ec9eeb206a2ce76b32814958a98e372006c8fb76ba820211be66",
                "sha256:1a836406405730121ae9823e19c6e806c62bbad73f890574fff50efa4122c487"
            ],
            "version": "==4.0"
        },
        "simplejson": {
            "hashes": [
                "sha256:067a7177ddfa32e1483ba5169ebea1bc2ea27f224853211ca669325648ca5642",
                "sha256:2fc546e6af49fb45b93bbe878dea4c48edc34083729c0abd09981fe55bdf7f91",
                "sha256:354fa32b02885e6dae925f1b5bbf842c333c1e11ea5453ddd67309dc31fdb40a",
                "sha256:37e685986cf6f8144607f90340cff72d36acf654f3653a6c47b84c5c38d00df7",
                "sha256:3af610ee72efbe644e19d5eaad575c73fb83026192114e5f6719f4901097fce2",
                "sha256:3b919fc9cf508f13b929a9b274c40786036b31ad28657819b3b9ba44ba651f50",
                "sha256:3dd289368bbd064974d9a5961101f080e939cbe051e6689a193c99fb6e9ac89b",
                "sha256:6c3258ffff58712818a233b9737fe4be943d306c40cf63d14ddc82ba563f483a",
                "sha256:75e3f0b12c28945c08f54350d91e624f8dd580ab74fd4f1bbea54bc6b0165610",
                "sha256:b1f329139ba647a9548aa05fb95d046b4a677643070dc2afc05fa2e975d09ca5",
                "sha256:ee9625fc8ee164902dfbb0ff932b26df112da9f871c32f0f9c1bcf20c350fe2a",
                "sha256:fb2530b53c28f0d4d84990e945c2ebb470edb469d63e389bf02ff409012fe7c5"
            ],
            "index": "pypi",
            "version": "==3.16.0"
        },
        "six": {
            "hashes": [
                "sha256:70e8a77beed4562e7f14fe23a786b54f6296e34344c23bc42f07b15018ff98e9",
                "sha256:832dc0e10feb1aa2c68dcc57dbb658f1c7e65b9b61af69048abc87a2db00a0eb"
            ],
            "version": "==1.11.0"
        },
        "sqlalchemy": {
            "hashes": [
                "sha256:9de7c7dabcf06319becdb7e15099c44e5e34ba7062f9ba10bc00e562f5db3d04"
            ],
            "version": "==1.2.14"
        },
        "urllib3": {
            "hashes": [
                "sha256:61bf29cada3fc2fbefad4fdf059ea4bd1b4a86d2b6d15e1c7c0b582b9752fe39",
                "sha256:de9529817c93f27c8ccbfead6985011db27bd0ddfcdb2d86f3f663385c6a9c22"
            ],
            "version": "==1.24.1"
        },
        "vine": {
            "hashes": [
                "sha256:52116d59bc45392af9fdd3b75ed98ae48a93e822cee21e5fda249105c59a7a72",
                "sha256:6849544be74ec3638e84d90bc1cf2e1e9224cc10d96cd4383ec3f69e9bce077b"
            ],
            "version": "==1.1.4"
        },
        "visitor": {
            "hashes": [
                "sha256:2c737903b2b6864ebc6167eef7cf3b997126f1aa94bdf590f90f1436d23e480a"
            ],
            "version": "==0.1.3"
        },
        "watchdog": {
            "hashes": [
                "sha256:965f658d0732de3188211932aeb0bb457587f04f63ab4c1e33eab878e9de961d"
            ],
            "index": "pypi",
            "version": "==0.9.0"
        },
        "werkzeug": {
            "hashes": [
                "sha256:c3fd7a7d41976d9f44db327260e263132466836cef6f91512889ed60ad26557c",
                "sha256:d5da73735293558eb1651ee2fddc4d0dedcfa06538b8813a2e20011583c9e49b"
            ],
            "version": "==0.14.1"
        },
        "wtforms": {
            "hashes": [
                "sha256:0cdbac3e7f6878086c334aa25dc5a33869a3954e9d1e015130d65a69309b3b61",
                "sha256:e3ee092c827582c50877cdbd49e9ce6d2c5c1f6561f849b3b068c1b8029626f1"
            ],
            "index": "pypi",
            "version": "==2.2.1"
        }
    },
    "develop": {}
}
